
Microsoft Visual Studio Solution File, Format Version 12.00
# Visual Studio Version 17
VisualStudioVersion = 17.7.34031.279
MinimumVisualStudioVersion = 10.0.40219.1
Project("{9A19103F-16F7-4668-BE54-9A1E7A4F7556}") = "Shell", "Shell\Shell.csproj", "{2FBEC176-1612-478A-ACBD-38E6053C3B94}"
EndProject
Project("{9A19103F-16F7-4668-BE54-9A1E7A4F7556}") = "ProjectX.Core", "ProjectX.Core\ProjectX.Core.csproj", "{0ADB4D37-F0ED-4296-9A25-28228B942E2A}"
EndProject
Project("{9A19103F-16F7-4668-BE54-9A1E7A4F7556}") = "ProjectX.Core.Tests", "ProjectX.Core.Tests\ProjectX.Core.Tests.csproj", "{4359A992-AA5D-401A-A6E9-E3A0D479485E}"
EndProject
Project("{9A19103F-16F7-4668-BE54-9A1E7A4F7556}") = "ProjectX.GatewayAPI", "ProjectX.GatewayAPI\ProjectX.GatewayAPI.csproj", "{535AE113-E834-4704-BAEF-E0DC0013532B}"
EndProject
Project("{9A19103F-16F7-4668-BE54-9A1E7A4F7556}") = "ProjectX.AnalyticsLib", "ProjectX.AnalyticsLib\ProjectX.AnalyticsLib.csproj", "{95800FB3-2457-4434-A882-B0F0F60BB491}"
EndProject
Project("{9A19103F-16F7-4668-BE54-9A1E7A4F7556}") = "ProjectX.AnalyticsLib.Tests", "ProjectX.AnalyticsLib.Tests\ProjectX.AnalyticsLib.Tests.csproj", "{AB387B27-3A37-400F-8FBB-1F33762048E3}"
EndProject
Project("{2150E333-8FDC-42A3-9474-1A3956D46DE8}") = "Tests", "Tests", "{291F2E1A-D783-4A45-955B-6C39A801C658}"
EndProject
Project("{9A19103F-16F7-4668-BE54-9A1E7A4F7556}") = "ProjectX.GatewayAPI.Tests", "ProjectX.GatewayAPI.Tests\ProjectX.GatewayAPI.Tests.csproj", "{1693AAFD-06E4-457F-AFB1-5FF841892329}"
EndProject
Project("{54A90642-561A-4BB1-A94E-469ADEE60C69}") = "web", "Web\web.esproj", "{3B6E697A-BBE4-4191-B2C8-CFC7EC5816FA}"
EndProject
Project("{9A19103F-16F7-4668-BE54-9A1E7A4F7556}") = "ProjectX.MarketData", "ProjectX.MarketData\ProjectX.MarketData.csproj", "{F1B5BD86-1F9B-4E25-A508-BDC1AB04E9E2}"
EndProject
Project("{9A19103F-16F7-4668-BE54-9A1E7A4F7556}") = "ProjectX.MarketData.Tests", "ProjectX.MarketData.Tests\ProjectX.MarketData.Tests.csproj", "{78869F42-D008-43E0-AE01-4A36E03A9B89}"
EndProject
Project("{9A19103F-16F7-4668-BE54-9A1E7A4F7556}") = "ProjectX.MarketData.Cache", "ProjectX.MarketData.Cache\ProjectX.MarketData.Cache.csproj", "{10FC3E95-1AD9-4757-BC47-3F040AEF5C4D}"
EndProject
Project("{9A19103F-16F7-4668-BE54-9A1E7A4F7556}") = "ProjectX.MarketData.Cache.Tests", "ProjectX.MarketData.Cache.Tests\ProjectX.MarketData.Cache.Tests.csproj", "{A91A79D7-55B1-4D85-B500-6B53D0C42886}"
EndProject
Project("{9A19103F-16F7-4668-BE54-9A1E7A4F7556}") = "ProjectX.AnalyticsLib.Shared", "ProjectX.AnalyticsLib.Shared\ProjectX.AnalyticsLib.Shared.csproj", "{AD60125B-C9C0-425B-9685-FD9A360EF3EE}"
EndProject
Project("{9A19103F-16F7-4668-BE54-9A1E7A4F7556}") = "ProjectX.AnalyticsLibNative.Tests", "ProjectX.AnalyticsLibNative.Tests\ProjectX.AnalyticsLibNative.Tests.csproj", "{66D0F4A6-3505-4275-90AA-8B95E76EFB41}"
EndProject
Project("{9A19103F-16F7-4668-BE54-9A1E7A4F7556}") = "ProjectX.AnalyticsLibNativeShim", "ProjectX.AnalyticsLibNativeShim\ProjectX.AnalyticsLibNativeShim.csproj", "{976A2B6C-D76E-46E9-BD5D-C5FAC69B8509}"
EndProject
Project("{2150E333-8FDC-42A3-9474-1A3956D46DE8}") = "ProjectX.AnalyticsLibNative", "ProjectX.AnalyticsLibNative", "{CB887621-9DE5-49ED-BE4C-7B170A43F062}"
	ProjectSection(SolutionItems) = preProject
		ProjectX.AnalyticsLibNative\CMakeLists.txt = ProjectX.AnalyticsLibNative\CMakeLists.txt
		ProjectX.AnalyticsLibNative\CMakePresets.json = ProjectX.AnalyticsLibNative\CMakePresets.json
	EndProjectSection
EndProject
Project("{2150E333-8FDC-42A3-9474-1A3956D46DE8}") = "src", "src", "{406DF674-C576-4678-9B50-630275B73318}"
	ProjectSection(SolutionItems) = preProject
		ProjectX.AnalyticsLibNative\src\CMakeLists.txt = ProjectX.AnalyticsLibNative\src\CMakeLists.txt
	EndProjectSection
EndProject
Project("{9A19103F-16F7-4668-BE54-9A1E7A4F7556}") = "ProjectX.MarketData.NinjaTrader.Tests", "ProjectX.MarketData.NinjaTrader.Tests\ProjectX.MarketData.NinjaTrader.Tests.csproj", "{31FE4683-7334-48FC-9642-628F4FA7F821}"
EndProject
Project("{FAE04EC0-301F-11D3-BF4B-00C04F79EFBC}") = "ProjectX.MachineLearning", "ProjectX.MachineLearning\ProjectX.MachineLearning.csproj", "{F80A517F-1535-4F9B-911E-5DEF6504A059}"
EndProject
Project("{FAE04EC0-301F-11D3-BF4B-00C04F79EFBC}") = "ProjectX.MachineLearning.Tests", "ProjectX.MachineLearning.Tests\ProjectX.MachineLearning.Tests.csproj", "{831C4641-9659-4014-9E1E-632AF1965137}"
EndProject
Project("{FAE04EC0-301F-11D3-BF4B-00C04F79EFBC}") = "ProjectX.MachineLearning.Accord", "ProjectX.MachineLearning.Accord\ProjectX.MachineLearning.Accord.csproj", "{E2A2632F-3891-4744-A892-A182FA28F0BF}"
EndProject
Project("{FAE04EC0-301F-11D3-BF4B-00C04F79EFBC}") = "ProjectX.AnalyticsLib.PerformanceTests", "ProjectX.AnalyticsLib.PerformanceTests\ProjectX.AnalyticsLib.PerformanceTests.csproj", "{677AF0C0-8E04-4F69-8C0C-A31D19E6CC93}"
EndProject
Global
	GlobalSection(SolutionConfigurationPlatforms) = preSolution
		Debug|Any CPU = Debug|Any CPU
		Debug|x64 = Debug|x64
		Debug|x86 = Debug|x86
		Release|Any CPU = Release|Any CPU
		Release|x64 = Release|x64
		Release|x86 = Release|x86
	EndGlobalSection
	GlobalSection(ProjectConfigurationPlatforms) = postSolution
		{2FBEC176-1612-478A-ACBD-38E6053C3B94}.Debug|Any CPU.ActiveCfg = Debug|Any CPU
		{2FBEC176-1612-478A-ACBD-38E6053C3B94}.Debug|Any CPU.Build.0 = Debug|Any CPU
		{2FBEC176-1612-478A-ACBD-38E6053C3B94}.Debug|x64.ActiveCfg = Debug|Any CPU
		{2FBEC176-1612-478A-ACBD-38E6053C3B94}.Debug|x64.Build.0 = Debug|Any CPU
		{2FBEC176-1612-478A-ACBD-38E6053C3B94}.Debug|x86.ActiveCfg = Debug|Any CPU
		{2FBEC176-1612-478A-ACBD-38E6053C3B94}.Debug|x86.Build.0 = Debug|Any CPU
		{2FBEC176-1612-478A-ACBD-38E6053C3B94}.Release|Any CPU.ActiveCfg = Release|Any CPU
		{2FBEC176-1612-478A-ACBD-38E6053C3B94}.Release|Any CPU.Build.0 = Release|Any CPU
		{2FBEC176-1612-478A-ACBD-38E6053C3B94}.Release|x64.ActiveCfg = Release|Any CPU
		{2FBEC176-1612-478A-ACBD-38E6053C3B94}.Release|x64.Build.0 = Release|Any CPU
		{2FBEC176-1612-478A-ACBD-38E6053C3B94}.Release|x86.ActiveCfg = Release|Any CPU
		{2FBEC176-1612-478A-ACBD-38E6053C3B94}.Release|x86.Build.0 = Release|Any CPU
		{0ADB4D37-F0ED-4296-9A25-28228B942E2A}.Debug|Any CPU.ActiveCfg = Debug|Any CPU
		{0ADB4D37-F0ED-4296-9A25-28228B942E2A}.Debug|Any CPU.Build.0 = Debug|Any CPU
		{0ADB4D37-F0ED-4296-9A25-28228B942E2A}.Debug|x64.ActiveCfg = Debug|Any CPU
		{0ADB4D37-F0ED-4296-9A25-28228B942E2A}.Debug|x64.Build.0 = Debug|Any CPU
		{0ADB4D37-F0ED-4296-9A25-28228B942E2A}.Debug|x86.ActiveCfg = Debug|Any CPU
		{0ADB4D37-F0ED-4296-9A25-28228B942E2A}.Debug|x86.Build.0 = Debug|Any CPU
		{0ADB4D37-F0ED-4296-9A25-28228B942E2A}.Release|Any CPU.ActiveCfg = Release|Any CPU
		{0ADB4D37-F0ED-4296-9A25-28228B942E2A}.Release|Any CPU.Build.0 = Release|Any CPU
		{0ADB4D37-F0ED-4296-9A25-28228B942E2A}.Release|x64.ActiveCfg = Release|Any CPU
		{0ADB4D37-F0ED-4296-9A25-28228B942E2A}.Release|x64.Build.0 = Release|Any CPU
		{0ADB4D37-F0ED-4296-9A25-28228B942E2A}.Release|x86.ActiveCfg = Release|Any CPU
		{0ADB4D37-F0ED-4296-9A25-28228B942E2A}.Release|x86.Build.0 = Release|Any CPU
		{4359A992-AA5D-401A-A6E9-E3A0D479485E}.Debug|Any CPU.ActiveCfg = Debug|Any CPU
		{4359A992-AA5D-401A-A6E9-E3A0D479485E}.Debug|Any CPU.Build.0 = Debug|Any CPU
		{4359A992-AA5D-401A-A6E9-E3A0D479485E}.Debug|x64.ActiveCfg = Debug|Any CPU
		{4359A992-AA5D-401A-A6E9-E3A0D479485E}.Debug|x64.Build.0 = Debug|Any CPU
		{4359A992-AA5D-401A-A6E9-E3A0D479485E}.Debug|x86.ActiveCfg = Debug|Any CPU
		{4359A992-AA5D-401A-A6E9-E3A0D479485E}.Debug|x86.Build.0 = Debug|Any CPU
		{4359A992-AA5D-401A-A6E9-E3A0D479485E}.Release|Any CPU.ActiveCfg = Release|Any CPU
		{4359A992-AA5D-401A-A6E9-E3A0D479485E}.Release|Any CPU.Build.0 = Release|Any CPU
		{4359A992-AA5D-401A-A6E9-E3A0D479485E}.Release|x64.ActiveCfg = Release|Any CPU
		{4359A992-AA5D-401A-A6E9-E3A0D479485E}.Release|x64.Build.0 = Release|Any CPU
		{4359A992-AA5D-401A-A6E9-E3A0D479485E}.Release|x86.ActiveCfg = Release|Any CPU
		{4359A992-AA5D-401A-A6E9-E3A0D479485E}.Release|x86.Build.0 = Release|Any CPU
		{535AE113-E834-4704-BAEF-E0DC0013532B}.Debug|Any CPU.ActiveCfg = Debug|Any CPU
		{535AE113-E834-4704-BAEF-E0DC0013532B}.Debug|Any CPU.Build.0 = Debug|Any CPU
		{535AE113-E834-4704-BAEF-E0DC0013532B}.Debug|x64.ActiveCfg = Debug|Any CPU
		{535AE113-E834-4704-BAEF-E0DC0013532B}.Debug|x64.Build.0 = Debug|Any CPU
		{535AE113-E834-4704-BAEF-E0DC0013532B}.Debug|x86.ActiveCfg = Debug|Any CPU
		{535AE113-E834-4704-BAEF-E0DC0013532B}.Debug|x86.Build.0 = Debug|Any CPU
		{535AE113-E834-4704-BAEF-E0DC0013532B}.Release|Any CPU.ActiveCfg = Release|Any CPU
		{535AE113-E834-4704-BAEF-E0DC0013532B}.Release|Any CPU.Build.0 = Release|Any CPU
		{535AE113-E834-4704-BAEF-E0DC0013532B}.Release|x64.ActiveCfg = Release|Any CPU
		{535AE113-E834-4704-BAEF-E0DC0013532B}.Release|x64.Build.0 = Release|Any CPU
		{535AE113-E834-4704-BAEF-E0DC0013532B}.Release|x86.ActiveCfg = Release|Any CPU
		{535AE113-E834-4704-BAEF-E0DC0013532B}.Release|x86.Build.0 = Release|Any CPU
		{95800FB3-2457-4434-A882-B0F0F60BB491}.Debug|Any CPU.ActiveCfg = Debug|Any CPU
		{95800FB3-2457-4434-A882-B0F0F60BB491}.Debug|Any CPU.Build.0 = Debug|Any CPU
		{95800FB3-2457-4434-A882-B0F0F60BB491}.Debug|x64.ActiveCfg = Debug|Any CPU
		{95800FB3-2457-4434-A882-B0F0F60BB491}.Debug|x64.Build.0 = Debug|Any CPU
		{95800FB3-2457-4434-A882-B0F0F60BB491}.Debug|x86.ActiveCfg = Debug|Any CPU
		{95800FB3-2457-4434-A882-B0F0F60BB491}.Debug|x86.Build.0 = Debug|Any CPU
		{95800FB3-2457-4434-A882-B0F0F60BB491}.Release|Any CPU.ActiveCfg = Release|Any CPU
		{95800FB3-2457-4434-A882-B0F0F60BB491}.Release|Any CPU.Build.0 = Release|Any CPU
		{95800FB3-2457-4434-A882-B0F0F60BB491}.Release|x64.ActiveCfg = Release|Any CPU
		{95800FB3-2457-4434-A882-B0F0F60BB491}.Release|x64.Build.0 = Release|Any CPU
		{95800FB3-2457-4434-A882-B0F0F60BB491}.Release|x86.ActiveCfg = Release|Any CPU
		{95800FB3-2457-4434-A882-B0F0F60BB491}.Release|x86.Build.0 = Release|Any CPU
		{AB387B27-3A37-400F-8FBB-1F33762048E3}.Debug|Any CPU.ActiveCfg = Debug|Any CPU
		{AB387B27-3A37-400F-8FBB-1F33762048E3}.Debug|Any CPU.Build.0 = Debug|Any CPU
		{AB387B27-3A37-400F-8FBB-1F33762048E3}.Debug|x64.ActiveCfg = Debug|Any CPU
		{AB387B27-3A37-400F-8FBB-1F33762048E3}.Debug|x64.Build.0 = Debug|Any CPU
		{AB387B27-3A37-400F-8FBB-1F33762048E3}.Debug|x86.ActiveCfg = Debug|Any CPU
		{AB387B27-3A37-400F-8FBB-1F33762048E3}.Debug|x86.Build.0 = Debug|Any CPU
		{AB387B27-3A37-400F-8FBB-1F33762048E3}.Release|Any CPU.ActiveCfg = Release|Any CPU
		{AB387B27-3A37-400F-8FBB-1F33762048E3}.Release|Any CPU.Build.0 = Release|Any CPU
		{AB387B27-3A37-400F-8FBB-1F33762048E3}.Release|x64.ActiveCfg = Release|Any CPU
		{AB387B27-3A37-400F-8FBB-1F33762048E3}.Release|x64.Build.0 = Release|Any CPU
		{AB387B27-3A37-400F-8FBB-1F33762048E3}.Release|x86.ActiveCfg = Release|Any CPU
		{AB387B27-3A37-400F-8FBB-1F33762048E3}.Release|x86.Build.0 = Release|Any CPU
		{1693AAFD-06E4-457F-AFB1-5FF841892329}.Debug|Any CPU.ActiveCfg = Debug|Any CPU
		{1693AAFD-06E4-457F-AFB1-5FF841892329}.Debug|Any CPU.Build.0 = Debug|Any CPU
		{1693AAFD-06E4-457F-AFB1-5FF841892329}.Debug|x64.ActiveCfg = Debug|Any CPU
		{1693AAFD-06E4-457F-AFB1-5FF841892329}.Debug|x64.Build.0 = Debug|Any CPU
		{1693AAFD-06E4-457F-AFB1-5FF841892329}.Debug|x86.ActiveCfg = Debug|Any CPU
		{1693AAFD-06E4-457F-AFB1-5FF841892329}.Debug|x86.Build.0 = Debug|Any CPU
		{1693AAFD-06E4-457F-AFB1-5FF841892329}.Release|Any CPU.ActiveCfg = Release|Any CPU
		{1693AAFD-06E4-457F-AFB1-5FF841892329}.Release|Any CPU.Build.0 = Release|Any CPU
		{1693AAFD-06E4-457F-AFB1-5FF841892329}.Release|x64.ActiveCfg = Release|Any CPU
		{1693AAFD-06E4-457F-AFB1-5FF841892329}.Release|x64.Build.0 = Release|Any CPU
		{1693AAFD-06E4-457F-AFB1-5FF841892329}.Release|x86.ActiveCfg = Release|Any CPU
		{1693AAFD-06E4-457F-AFB1-5FF841892329}.Release|x86.Build.0 = Release|Any CPU
		{3B6E697A-BBE4-4191-B2C8-CFC7EC5816FA}.Debug|Any CPU.ActiveCfg = Debug|Any CPU
		{3B6E697A-BBE4-4191-B2C8-CFC7EC5816FA}.Debug|Any CPU.Build.0 = Debug|Any CPU
		{3B6E697A-BBE4-4191-B2C8-CFC7EC5816FA}.Debug|Any CPU.Deploy.0 = Debug|Any CPU
		{3B6E697A-BBE4-4191-B2C8-CFC7EC5816FA}.Debug|x64.ActiveCfg = Debug|Any CPU
		{3B6E697A-BBE4-4191-B2C8-CFC7EC5816FA}.Debug|x64.Build.0 = Debug|Any CPU
		{3B6E697A-BBE4-4191-B2C8-CFC7EC5816FA}.Debug|x64.Deploy.0 = Debug|Any CPU
		{3B6E697A-BBE4-4191-B2C8-CFC7EC5816FA}.Debug|x86.ActiveCfg = Debug|Any CPU
		{3B6E697A-BBE4-4191-B2C8-CFC7EC5816FA}.Debug|x86.Build.0 = Debug|Any CPU
		{3B6E697A-BBE4-4191-B2C8-CFC7EC5816FA}.Debug|x86.Deploy.0 = Debug|Any CPU
		{3B6E697A-BBE4-4191-B2C8-CFC7EC5816FA}.Release|Any CPU.ActiveCfg = Release|Any CPU
		{3B6E697A-BBE4-4191-B2C8-CFC7EC5816FA}.Release|Any CPU.Build.0 = Release|Any CPU
		{3B6E697A-BBE4-4191-B2C8-CFC7EC5816FA}.Release|Any CPU.Deploy.0 = Release|Any CPU
		{3B6E697A-BBE4-4191-B2C8-CFC7EC5816FA}.Release|x64.ActiveCfg = Release|Any CPU
		{3B6E697A-BBE4-4191-B2C8-CFC7EC5816FA}.Release|x64.Build.0 = Release|Any CPU
		{3B6E697A-BBE4-4191-B2C8-CFC7EC5816FA}.Release|x64.Deploy.0 = Release|Any CPU
		{3B6E697A-BBE4-4191-B2C8-CFC7EC5816FA}.Release|x86.ActiveCfg = Release|Any CPU
		{3B6E697A-BBE4-4191-B2C8-CFC7EC5816FA}.Release|x86.Build.0 = Release|Any CPU
		{3B6E697A-BBE4-4191-B2C8-CFC7EC5816FA}.Release|x86.Deploy.0 = Release|Any CPU
		{F1B5BD86-1F9B-4E25-A508-BDC1AB04E9E2}.Debug|Any CPU.ActiveCfg = Debug|Any CPU
		{F1B5BD86-1F9B-4E25-A508-BDC1AB04E9E2}.Debug|Any CPU.Build.0 = Debug|Any CPU
		{F1B5BD86-1F9B-4E25-A508-BDC1AB04E9E2}.Debug|x64.ActiveCfg = Debug|Any CPU
		{F1B5BD86-1F9B-4E25-A508-BDC1AB04E9E2}.Debug|x64.Build.0 = Debug|Any CPU
		{F1B5BD86-1F9B-4E25-A508-BDC1AB04E9E2}.Debug|x86.ActiveCfg = Debug|Any CPU
		{F1B5BD86-1F9B-4E25-A508-BDC1AB04E9E2}.Debug|x86.Build.0 = Debug|Any CPU
		{F1B5BD86-1F9B-4E25-A508-BDC1AB04E9E2}.Release|Any CPU.ActiveCfg = Release|Any CPU
		{F1B5BD86-1F9B-4E25-A508-BDC1AB04E9E2}.Release|Any CPU.Build.0 = Release|Any CPU
		{F1B5BD86-1F9B-4E25-A508-BDC1AB04E9E2}.Release|x64.ActiveCfg = Release|Any CPU
		{F1B5BD86-1F9B-4E25-A508-BDC1AB04E9E2}.Release|x64.Build.0 = Release|Any CPU
		{F1B5BD86-1F9B-4E25-A508-BDC1AB04E9E2}.Release|x86.ActiveCfg = Release|Any CPU
		{F1B5BD86-1F9B-4E25-A508-BDC1AB04E9E2}.Release|x86.Build.0 = Release|Any CPU
		{78869F42-D008-43E0-AE01-4A36E03A9B89}.Debug|Any CPU.ActiveCfg = Debug|Any CPU
		{78869F42-D008-43E0-AE01-4A36E03A9B89}.Debug|Any CPU.Build.0 = Debug|Any CPU
		{78869F42-D008-43E0-AE01-4A36E03A9B89}.Debug|x64.ActiveCfg = Debug|Any CPU
		{78869F42-D008-43E0-AE01-4A36E03A9B89}.Debug|x64.Build.0 = Debug|Any CPU
		{78869F42-D008-43E0-AE01-4A36E03A9B89}.Debug|x86.ActiveCfg = Debug|Any CPU
		{78869F42-D008-43E0-AE01-4A36E03A9B89}.Debug|x86.Build.0 = Debug|Any CPU
		{78869F42-D008-43E0-AE01-4A36E03A9B89}.Release|Any CPU.ActiveCfg = Release|Any CPU
		{78869F42-D008-43E0-AE01-4A36E03A9B89}.Release|Any CPU.Build.0 = Release|Any CPU
		{78869F42-D008-43E0-AE01-4A36E03A9B89}.Release|x64.ActiveCfg = Release|Any CPU
		{78869F42-D008-43E0-AE01-4A36E03A9B89}.Release|x64.Build.0 = Release|Any CPU
		{78869F42-D008-43E0-AE01-4A36E03A9B89}.Release|x86.ActiveCfg = Release|Any CPU
		{78869F42-D008-43E0-AE01-4A36E03A9B89}.Release|x86.Build.0 = Release|Any CPU
		{10FC3E95-1AD9-4757-BC47-3F040AEF5C4D}.Debug|Any CPU.ActiveCfg = Debug|Any CPU
		{10FC3E95-1AD9-4757-BC47-3F040AEF5C4D}.Debug|Any CPU.Build.0 = Debug|Any CPU
		{10FC3E95-1AD9-4757-BC47-3F040AEF5C4D}.Debug|x64.ActiveCfg = Debug|Any CPU
		{10FC3E95-1AD9-4757-BC47-3F040AEF5C4D}.Debug|x64.Build.0 = Debug|Any CPU
		{10FC3E95-1AD9-4757-BC47-3F040AEF5C4D}.Debug|x86.ActiveCfg = Debug|Any CPU
		{10FC3E95-1AD9-4757-BC47-3F040AEF5C4D}.Debug|x86.Build.0 = Debug|Any CPU
		{10FC3E95-1AD9-4757-BC47-3F040AEF5C4D}.Release|Any CPU.ActiveCfg = Release|Any CPU
		{10FC3E95-1AD9-4757-BC47-3F040AEF5C4D}.Release|Any CPU.Build.0 = Release|Any CPU
		{10FC3E95-1AD9-4757-BC47-3F040AEF5C4D}.Release|x64.ActiveCfg = Release|Any CPU
		{10FC3E95-1AD9-4757-BC47-3F040AEF5C4D}.Release|x64.Build.0 = Release|Any CPU
		{10FC3E95-1AD9-4757-BC47-3F040AEF5C4D}.Release|x86.ActiveCfg = Release|Any CPU
		{10FC3E95-1AD9-4757-BC47-3F040AEF5C4D}.Release|x86.Build.0 = Release|Any CPU
		{A91A79D7-55B1-4D85-B500-6B53D0C42886}.Debug|Any CPU.ActiveCfg = Debug|Any CPU
		{A91A79D7-55B1-4D85-B500-6B53D0C42886}.Debug|Any CPU.Build.0 = Debug|Any CPU
		{A91A79D7-55B1-4D85-B500-6B53D0C42886}.Debug|x64.ActiveCfg = Debug|Any CPU
		{A91A79D7-55B1-4D85-B500-6B53D0C42886}.Debug|x64.Build.0 = Debug|Any CPU
		{A91A79D7-55B1-4D85-B500-6B53D0C42886}.Debug|x86.ActiveCfg = Debug|Any CPU
		{A91A79D7-55B1-4D85-B500-6B53D0C42886}.Debug|x86.Build.0 = Debug|Any CPU
		{A91A79D7-55B1-4D85-B500-6B53D0C42886}.Release|Any CPU.ActiveCfg = Release|Any CPU
		{A91A79D7-55B1-4D85-B500-6B53D0C42886}.Release|Any CPU.Build.0 = Release|Any CPU
		{A91A79D7-55B1-4D85-B500-6B53D0C42886}.Release|x64.ActiveCfg = Release|Any CPU
		{A91A79D7-55B1-4D85-B500-6B53D0C42886}.Release|x64.Build.0 = Release|Any CPU
		{A91A79D7-55B1-4D85-B500-6B53D0C42886}.Release|x86.ActiveCfg = Release|Any CPU
		{A91A79D7-55B1-4D85-B500-6B53D0C42886}.Release|x86.Build.0 = Release|Any CPU
		{AD60125B-C9C0-425B-9685-FD9A360EF3EE}.Debug|Any CPU.ActiveCfg = Debug|Any CPU
		{AD60125B-C9C0-425B-9685-FD9A360EF3EE}.Debug|Any CPU.Build.0 = Debug|Any CPU
		{AD60125B-C9C0-425B-9685-FD9A360EF3EE}.Debug|x64.ActiveCfg = Debug|Any CPU
		{AD60125B-C9C0-425B-9685-FD9A360EF3EE}.Debug|x64.Build.0 = Debug|Any CPU
		{AD60125B-C9C0-425B-9685-FD9A360EF3EE}.Debug|x86.ActiveCfg = Debug|Any CPU
		{AD60125B-C9C0-425B-9685-FD9A360EF3EE}.Debug|x86.Build.0 = Debug|Any CPU
		{AD60125B-C9C0-425B-9685-FD9A360EF3EE}.Release|Any CPU.ActiveCfg = Release|Any CPU
		{AD60125B-C9C0-425B-9685-FD9A360EF3EE}.Release|Any CPU.Build.0 = Release|Any CPU
		{AD60125B-C9C0-425B-9685-FD9A360EF3EE}.Release|x64.ActiveCfg = Release|Any CPU
		{AD60125B-C9C0-425B-9685-FD9A360EF3EE}.Release|x64.Build.0 = Release|Any CPU
		{AD60125B-C9C0-425B-9685-FD9A360EF3EE}.Release|x86.ActiveCfg = Release|Any CPU
		{AD60125B-C9C0-425B-9685-FD9A360EF3EE}.Release|x86.Build.0 = Release|Any CPU
		{66D0F4A6-3505-4275-90AA-8B95E76EFB41}.Debug|Any CPU.ActiveCfg = Debug|Any CPU
		{66D0F4A6-3505-4275-90AA-8B95E76EFB41}.Debug|Any CPU.Build.0 = Debug|Any CPU
		{66D0F4A6-3505-4275-90AA-8B95E76EFB41}.Debug|x64.ActiveCfg = Debug|Any CPU
		{66D0F4A6-3505-4275-90AA-8B95E76EFB41}.Debug|x64.Build.0 = Debug|Any CPU
		{66D0F4A6-3505-4275-90AA-8B95E76EFB41}.Debug|x86.ActiveCfg = Debug|Any CPU
		{66D0F4A6-3505-4275-90AA-8B95E76EFB41}.Debug|x86.Build.0 = Debug|Any CPU
		{66D0F4A6-3505-4275-90AA-8B95E76EFB41}.Release|Any CPU.ActiveCfg = Release|Any CPU
		{66D0F4A6-3505-4275-90AA-8B95E76EFB41}.Release|Any CPU.Build.0 = Release|Any CPU
		{66D0F4A6-3505-4275-90AA-8B95E76EFB41}.Release|x64.ActiveCfg = Release|Any CPU
		{66D0F4A6-3505-4275-90AA-8B95E76EFB41}.Release|x64.Build.0 = Release|Any CPU
		{66D0F4A6-3505-4275-90AA-8B95E76EFB41}.Release|x86.ActiveCfg = Release|Any CPU
		{66D0F4A6-3505-4275-90AA-8B95E76EFB41}.Release|x86.Build.0 = Release|Any CPU
		{976A2B6C-D76E-46E9-BD5D-C5FAC69B8509}.Debug|Any CPU.ActiveCfg = Debug|Any CPU
		{976A2B6C-D76E-46E9-BD5D-C5FAC69B8509}.Debug|Any CPU.Build.0 = Debug|Any CPU
		{976A2B6C-D76E-46E9-BD5D-C5FAC69B8509}.Debug|x64.ActiveCfg = Debug|Any CPU
		{976A2B6C-D76E-46E9-BD5D-C5FAC69B8509}.Debug|x64.Build.0 = Debug|Any CPU
		{976A2B6C-D76E-46E9-BD5D-C5FAC69B8509}.Debug|x86.ActiveCfg = Debug|Any CPU
		{976A2B6C-D76E-46E9-BD5D-C5FAC69B8509}.Debug|x86.Build.0 = Debug|Any CPU
		{976A2B6C-D76E-46E9-BD5D-C5FAC69B8509}.Release|Any CPU.ActiveCfg = Release|Any CPU
		{976A2B6C-D76E-46E9-BD5D-C5FAC69B8509}.Release|Any CPU.Build.0 = Release|Any CPU
		{976A2B6C-D76E-46E9-BD5D-C5FAC69B8509}.Release|x64.ActiveCfg = Release|Any CPU
		{976A2B6C-D76E-46E9-BD5D-C5FAC69B8509}.Release|x64.Build.0 = Release|Any CPU
		{976A2B6C-D76E-46E9-BD5D-C5FAC69B8509}.Release|x86.ActiveCfg = Release|Any CPU
		{976A2B6C-D76E-46E9-BD5D-C5FAC69B8509}.Release|x86.Build.0 = Release|Any CPU
		{31FE4683-7334-48FC-9642-628F4FA7F821}.Debug|Any CPU.ActiveCfg = Debug|Any CPU
		{31FE4683-7334-48FC-9642-628F4FA7F821}.Debug|Any CPU.Build.0 = Debug|Any CPU
		{31FE4683-7334-48FC-9642-628F4FA7F821}.Debug|x64.ActiveCfg = Debug|Any CPU
		{31FE4683-7334-48FC-9642-628F4FA7F821}.Debug|x64.Build.0 = Debug|Any CPU
		{31FE4683-7334-48FC-9642-628F4FA7F821}.Debug|x86.ActiveCfg = Debug|Any CPU
		{31FE4683-7334-48FC-9642-628F4FA7F821}.Debug|x86.Build.0 = Debug|Any CPU
		{31FE4683-7334-48FC-9642-628F4FA7F821}.Release|Any CPU.ActiveCfg = Release|Any CPU
		{31FE4683-7334-48FC-9642-628F4FA7F821}.Release|Any CPU.Build.0 = Release|Any CPU
		{31FE4683-7334-48FC-9642-628F4FA7F821}.Release|x64.ActiveCfg = Release|Any CPU
		{31FE4683-7334-48FC-9642-628F4FA7F821}.Release|x64.Build.0 = Release|Any CPU
		{31FE4683-7334-48FC-9642-628F4FA7F821}.Release|x86.ActiveCfg = Release|Any CPU
		{31FE4683-7334-48FC-9642-628F4FA7F821}.Release|x86.Build.0 = Release|Any CPU
		{F80A517F-1535-4F9B-911E-5DEF6504A059}.Debug|Any CPU.ActiveCfg = Debug|Any CPU
		{F80A517F-1535-4F9B-911E-5DEF6504A059}.Debug|Any CPU.Build.0 = Debug|Any CPU
		{F80A517F-1535-4F9B-911E-5DEF6504A059}.Debug|x64.ActiveCfg = Debug|Any CPU
		{F80A517F-1535-4F9B-911E-5DEF6504A059}.Debug|x64.Build.0 = Debug|Any CPU
		{F80A517F-1535-4F9B-911E-5DEF6504A059}.Debug|x86.ActiveCfg = Debug|Any CPU
		{F80A517F-1535-4F9B-911E-5DEF6504A059}.Debug|x86.Build.0 = Debug|Any CPU
		{F80A517F-1535-4F9B-911E-5DEF6504A059}.Release|Any CPU.ActiveCfg = Release|Any CPU
		{F80A517F-1535-4F9B-911E-5DEF6504A059}.Release|Any CPU.Build.0 = Release|Any CPU
		{F80A517F-1535-4F9B-911E-5DEF6504A059}.Release|x64.ActiveCfg = Release|Any CPU
		{F80A517F-1535-4F9B-911E-5DEF6504A059}.Release|x64.Build.0 = Release|Any CPU
		{F80A517F-1535-4F9B-911E-5DEF6504A059}.Release|x86.ActiveCfg = Release|Any CPU
		{F80A517F-1535-4F9B-911E-5DEF6504A059}.Release|x86.Build.0 = Release|Any CPU
		{831C4641-9659-4014-9E1E-632AF1965137}.Debug|Any CPU.ActiveCfg = Debug|Any CPU
		{831C4641-9659-4014-9E1E-632AF1965137}.Debug|Any CPU.Build.0 = Debug|Any CPU
		{831C4641-9659-4014-9E1E-632AF1965137}.Debug|x64.ActiveCfg = Debug|Any CPU
		{831C4641-9659-4014-9E1E-632AF1965137}.Debug|x64.Build.0 = Debug|Any CPU
		{831C4641-9659-4014-9E1E-632AF1965137}.Debug|x86.ActiveCfg = Debug|Any CPU
		{831C4641-9659-4014-9E1E-632AF1965137}.Debug|x86.Build.0 = Debug|Any CPU
		{831C4641-9659-4014-9E1E-632AF1965137}.Release|Any CPU.ActiveCfg = Release|Any CPU
		{831C4641-9659-4014-9E1E-632AF1965137}.Release|Any CPU.Build.0 = Release|Any CPU
		{831C4641-9659-4014-9E1E-632AF1965137}.Release|x64.ActiveCfg = Release|Any CPU
		{831C4641-9659-4014-9E1E-632AF1965137}.Release|x64.Build.0 = Release|Any CPU
		{831C4641-9659-4014-9E1E-632AF1965137}.Release|x86.ActiveCfg = Release|Any CPU
		{831C4641-9659-4014-9E1E-632AF1965137}.Release|x86.Build.0 = Release|Any CPU
		{E2A2632F-3891-4744-A892-A182FA28F0BF}.Debug|Any CPU.ActiveCfg = Debug|Any CPU
		{E2A2632F-3891-4744-A892-A182FA28F0BF}.Debug|Any CPU.Build.0 = Debug|Any CPU
		{E2A2632F-3891-4744-A892-A182FA28F0BF}.Debug|x64.ActiveCfg = Debug|Any CPU
		{E2A2632F-3891-4744-A892-A182FA28F0BF}.Debug|x64.Build.0 = Debug|Any CPU
		{E2A2632F-3891-4744-A892-A182FA28F0BF}.Debug|x86.ActiveCfg = Debug|Any CPU
		{E2A2632F-3891-4744-A892-A182FA28F0BF}.Debug|x86.Build.0 = Debug|Any CPU
		{E2A2632F-3891-4744-A892-A182FA28F0BF}.Release|Any CPU.ActiveCfg = Release|Any CPU
		{E2A2632F-3891-4744-A892-A182FA28F0BF}.Release|Any CPU.Build.0 = Release|Any CPU
		{E2A2632F-3891-4744-A892-A182FA28F0BF}.Release|x64.ActiveCfg = Release|Any CPU
		{E2A2632F-3891-4744-A892-A182FA28F0BF}.Release|x64.Build.0 = Release|Any CPU
		{E2A2632F-3891-4744-A892-A182FA28F0BF}.Release|x86.ActiveCfg = Release|Any CPU
		{E2A2632F-3891-4744-A892-A182FA28F0BF}.Release|x86.Build.0 = Release|Any CPU
		{677AF0C0-8E04-4F69-8C0C-A31D19E6CC93}.Debug|Any CPU.ActiveCfg = Debug|Any CPU
		{677AF0C0-8E04-4F69-8C0C-A31D19E6CC93}.Debug|Any CPU.Build.0 = Debug|Any CPU
		{677AF0C0-8E04-4F69-8C0C-A31D19E6CC93}.Debug|x64.ActiveCfg = Debug|Any CPU
		{677AF0C0-8E04-4F69-8C0C-A31D19E6CC93}.Debug|x64.Build.0 = Debug|Any CPU
		{677AF0C0-8E04-4F69-8C0C-A31D19E6CC93}.Debug|x86.ActiveCfg = Debug|Any CPU
		{677AF0C0-8E04-4F69-8C0C-A31D19E6CC93}.Debug|x86.Build.0 = Debug|Any CPU
		{677AF0C0-8E04-4F69-8C0C-A31D19E6CC93}.Release|Any CPU.ActiveCfg = Release|Any CPU
		{677AF0C0-8E04-4F69-8C0C-A31D19E6CC93}.Release|Any CPU.Build.0 = Release|Any CPU
		{677AF0C0-8E04-4F69-8C0C-A31D19E6CC93}.Release|x64.ActiveCfg = Release|Any CPU
		{677AF0C0-8E04-4F69-8C0C-A31D19E6CC93}.Release|x64.Build.0 = Release|Any CPU
		{677AF0C0-8E04-4F69-8C0C-A31D19E6CC93}.Release|x86.ActiveCfg = Release|Any CPU
		{677AF0C0-8E04-4F69-8C0C-A31D19E6CC93}.Release|x86.Build.0 = Release|Any CPU
	EndGlobalSection
	GlobalSection(SolutionProperties) = preSolution
		HideSolutionNode = FALSE
	EndGlobalSection
	GlobalSection(NestedProjects) = preSolution
		{4359A992-AA5D-401A-A6E9-E3A0D479485E} = {291F2E1A-D783-4A45-955B-6C39A801C658}
		{AB387B27-3A37-400F-8FBB-1F33762048E3} = {291F2E1A-D783-4A45-955B-6C39A801C658}
		{1693AAFD-06E4-457F-AFB1-5FF841892329} = {291F2E1A-D783-4A45-955B-6C39A801C658}
		{78869F42-D008-43E0-AE01-4A36E03A9B89} = {291F2E1A-D783-4A45-955B-6C39A801C658}
		{A91A79D7-55B1-4D85-B500-6B53D0C42886} = {291F2E1A-D783-4A45-955B-6C39A801C658}
		{66D0F4A6-3505-4275-90AA-8B95E76EFB41} = {291F2E1A-D783-4A45-955B-6C39A801C658}
		{406DF674-C576-4678-9B50-630275B73318} = {CB887621-9DE5-49ED-BE4C-7B170A43F062}
		{31FE4683-7334-48FC-9642-628F4FA7F821} = {291F2E1A-D783-4A45-955B-6C39A801C658}
		{831C4641-9659-4014-9E1E-632AF1965137} = {291F2E1A-D783-4A45-955B-6C39A801C658}
		{677AF0C0-8E04-4F69-8C0C-A31D19E6CC93} = {291F2E1A-D783-4A45-955B-6C39A801C658}
	EndGlobalSection
	GlobalSection(ExtensibilityGlobals) = postSolution
		SolutionGuid = {8123A31C-36EE-481E-9ED7-0EB9D36F17CD}
	EndGlobalSection
EndGlobal
