
Microsoft Visual Studio Solution File, Format Version 12.00
# Visual Studio Version 17
VisualStudioVersion = 17.7.34031.279
MinimumVisualStudioVersion = 10.0.40219.1
Project("{9A19103F-16F7-4668-BE54-9A1E7A4F7556}") = "Shell", "Shell\Shell.csproj", "{2FBEC176-1612-478A-ACBD-38E6053C3B94}"
EndProject
Project("{9A19103F-16F7-4668-BE54-9A1E7A4F7556}") = "ProjectX.Core", "ProjectX.Core\ProjectX.Core.csproj", "{0ADB4D37-F0ED-4296-9A25-28228B942E2A}"
EndProject
Project("{9A19103F-16F7-4668-BE54-9A1E7A4F7556}") = "ProjectX.Core.Tests", "ProjectX.Core.Tests\ProjectX.Core.Tests.csproj", "{4359A992-AA5D-401A-A6E9-E3A0D479485E}"
EndProject
Project("{9A19103F-16F7-4668-BE54-9A1E7A4F7556}") = "ProjectX.GatewayAPI", "ProjectX.GatewayAPI\ProjectX.GatewayAPI.csproj", "{535AE113-E834-4704-BAEF-E0DC0013532B}"
EndProject
Project("{9A19103F-16F7-4668-BE54-9A1E7A4F7556}") = "ProjectX.AnalyticsLib", "ProjectX.AnalyticsLib\ProjectX.AnalyticsLib.csproj", "{95800FB3-2457-4434-A882-B0F0F60BB491}"
EndProject
Project("{9A19103F-16F7-4668-BE54-9A1E7A4F7556}") = "ProjectX.AnalyticsLib.Tests", "ProjectX.AnalyticsLib.Tests\ProjectX.AnalyticsLib.Tests.csproj", "{AB387B27-3A37-400F-8FBB-1F33762048E3}"
EndProject
Project("{2150E333-8FDC-42A3-9474-1A3956D46DE8}") = "Tests", "Tests", "{291F2E1A-D783-4A45-955B-6C39A801C658}"
EndProject
Project("{9A19103F-16F7-4668-BE54-9A1E7A4F7556}") = "ProjectX.GatewayAPI.Tests", "ProjectX.GatewayAPI.Tests\ProjectX.GatewayAPI.Tests.csproj", "{1693AAFD-06E4-457F-AFB1-5FF841892329}"
EndProject
Project("{54A90642-561A-4BB1-A94E-469ADEE60C69}") = "web", "Web\web.esproj", "{3B6E697A-BBE4-4191-B2C8-CFC7EC5816FA}"
EndProject
Project("{9A19103F-16F7-4668-BE54-9A1E7A4F7556}") = "ProjectX.MarketData", "ProjectX.MarketData\ProjectX.MarketData.csproj", "{F1B5BD86-1F9B-4E25-A508-BDC1AB04E9E2}"
EndProject
Project("{9A19103F-16F7-4668-BE54-9A1E7A4F7556}") = "ProjectX.MarketData.Tests", "ProjectX.MarketData.Tests\ProjectX.MarketData.Tests.csproj", "{78869F42-D008-43E0-AE01-4A36E03A9B89}"
EndProject
Project("{9A19103F-16F7-4668-BE54-9A1E7A4F7556}") = "ProjectX.MarketData.Cache", "ProjectX.MarketData.Cache\ProjectX.MarketData.Cache.csproj", "{10FC3E95-1AD9-4757-BC47-3F040AEF5C4D}"
EndProject
Project("{9A19103F-16F7-4668-BE54-9A1E7A4F7556}") = "ProjectX.MarketData.Cache.Tests", "ProjectX.MarketData.Cache.Tests\ProjectX.MarketData.Cache.Tests.csproj", "{A91A79D7-55B1-4D85-B500-6B53D0C42886}"
EndProject
Project("{8BC9CEB8-8B4A-11D0-8D11-00A0C91BC942}") = "ProjectX.AnalyticsCppLib", "ProjectX.AnalyticsCppLib\ProjectX.AnalyticsCppLib.vcxproj", "{43122D51-1672-4076-9FA5-963B11525C9E}"
EndProject
Project("{9A19103F-16F7-4668-BE54-9A1E7A4F7556}") = "ProjectX.AnalyticsCppLib.Tests", "ProjectX.AnalyticsCppLib.Tests\ProjectX.AnalyticsCppLib.Tests.csproj", "{B9132174-6137-4A99-84E1-DBBD3779CCE5}"
EndProject
Global
	GlobalSection(SolutionConfigurationPlatforms) = preSolution
		Debug|Any CPU = Debug|Any CPU
		Debug|x64 = Debug|x64
		Debug|x86 = Debug|x86
		Release|Any CPU = Release|Any CPU
		Release|x64 = Release|x64
		Release|x86 = Release|x86
	EndGlobalSection
	GlobalSection(ProjectConfigurationPlatforms) = postSolution
		{2FBEC176-1612-478A-ACBD-38E6053C3B94}.Debug|Any CPU.ActiveCfg = Debug|Any CPU
		{2FBEC176-1612-478A-ACBD-38E6053C3B94}.Debug|Any CPU.Build.0 = Debug|Any CPU
		{2FBEC176-1612-478A-ACBD-38E6053C3B94}.Debug|x64.ActiveCfg = Debug|Any CPU
		{2FBEC176-1612-478A-ACBD-38E6053C3B94}.Debug|x64.Build.0 = Debug|Any CPU
		{2FBEC176-1612-478A-ACBD-38E6053C3B94}.Debug|x86.ActiveCfg = Debug|Any CPU
		{2FBEC176-1612-478A-ACBD-38E6053C3B94}.Debug|x86.Build.0 = Debug|Any CPU
		{2FBEC176-1612-478A-ACBD-38E6053C3B94}.Release|Any CPU.ActiveCfg = Release|Any CPU
		{2FBEC176-1612-478A-ACBD-38E6053C3B94}.Release|Any CPU.Build.0 = Release|Any CPU
		{2FBEC176-1612-478A-ACBD-38E6053C3B94}.Release|x64.ActiveCfg = Release|Any CPU
		{2FBEC176-1612-478A-ACBD-38E6053C3B94}.Release|x64.Build.0 = Release|Any CPU
		{2FBEC176-1612-478A-ACBD-38E6053C3B94}.Release|x86.ActiveCfg = Release|Any CPU
		{2FBEC176-1612-478A-ACBD-38E6053C3B94}.Release|x86.Build.0 = Release|Any CPU
		{0ADB4D37-F0ED-4296-9A25-28228B942E2A}.Debug|Any CPU.ActiveCfg = Debug|Any CPU
		{0ADB4D37-F0ED-4296-9A25-28228B942E2A}.Debug|Any CPU.Build.0 = Debug|Any CPU
		{0ADB4D37-F0ED-4296-9A25-28228B942E2A}.Debug|x64.ActiveCfg = Debug|Any CPU
		{0ADB4D37-F0ED-4296-9A25-28228B942E2A}.Debug|x64.Build.0 = Debug|Any CPU
		{0ADB4D37-F0ED-4296-9A25-28228B942E2A}.Debug|x86.ActiveCfg = Debug|Any CPU
		{0ADB4D37-F0ED-4296-9A25-28228B942E2A}.Debug|x86.Build.0 = Debug|Any CPU
		{0ADB4D37-F0ED-4296-9A25-28228B942E2A}.Release|Any CPU.ActiveCfg = Release|Any CPU
		{0ADB4D37-F0ED-4296-9A25-28228B942E2A}.Release|Any CPU.Build.0 = Release|Any CPU
		{0ADB4D37-F0ED-4296-9A25-28228B942E2A}.Release|x64.ActiveCfg = Release|Any CPU
		{0ADB4D37-F0ED-4296-9A25-28228B942E2A}.Release|x64.Build.0 = Release|Any CPU
		{0ADB4D37-F0ED-4296-9A25-28228B942E2A}.Release|x86.ActiveCfg = Release|Any CPU
		{0ADB4D37-F0ED-4296-9A25-28228B942E2A}.Release|x86.Build.0 = Release|Any CPU
		{4359A992-AA5D-401A-A6E9-E3A0D479485E}.Debug|Any CPU.ActiveCfg = Debug|Any CPU
		{4359A992-AA5D-401A-A6E9-E3A0D479485E}.Debug|Any CPU.Build.0 = Debug|Any CPU
		{4359A992-AA5D-401A-A6E9-E3A0D479485E}.Debug|x64.ActiveCfg = Debug|Any CPU
		{4359A992-AA5D-401A-A6E9-E3A0D479485E}.Debug|x64.Build.0 = Debug|Any CPU
		{4359A992-AA5D-401A-A6E9-E3A0D479485E}.Debug|x86.ActiveCfg = Debug|Any CPU
		{4359A992-AA5D-401A-A6E9-E3A0D479485E}.Debug|x86.Build.0 = Debug|Any CPU
		{4359A992-AA5D-401A-A6E9-E3A0D479485E}.Release|Any CPU.ActiveCfg = Release|Any CPU
		{4359A992-AA5D-401A-A6E9-E3A0D479485E}.Release|Any CPU.Build.0 = Release|Any CPU
		{4359A992-AA5D-401A-A6E9-E3A0D479485E}.Release|x64.ActiveCfg = Release|Any CPU
		{4359A992-AA5D-401A-A6E9-E3A0D479485E}.Release|x64.Build.0 = Release|Any CPU
		{4359A992-AA5D-401A-A6E9-E3A0D479485E}.Release|x86.ActiveCfg = Release|Any CPU
		{4359A992-AA5D-401A-A6E9-E3A0D479485E}.Release|x86.Build.0 = Release|Any CPU
		{535AE113-E834-4704-BAEF-E0DC0013532B}.Debug|Any CPU.ActiveCfg = Debug|Any CPU
		{535AE113-E834-4704-BAEF-E0DC0013532B}.Debug|Any CPU.Build.0 = Debug|Any CPU
		{535AE113-E834-4704-BAEF-E0DC0013532B}.Debug|x64.ActiveCfg = Debug|Any CPU
		{535AE113-E834-4704-BAEF-E0DC0013532B}.Debug|x64.Build.0 = Debug|Any CPU
		{535AE113-E834-4704-BAEF-E0DC0013532B}.Debug|x86.ActiveCfg = Debug|Any CPU
		{535AE113-E834-4704-BAEF-E0DC0013532B}.Debug|x86.Build.0 = Debug|Any CPU
		{535AE113-E834-4704-BAEF-E0DC0013532B}.Release|Any CPU.ActiveCfg = Release|Any CPU
		{535AE113-E834-4704-BAEF-E0DC0013532B}.Release|Any CPU.Build.0 = Release|Any CPU
		{535AE113-E834-4704-BAEF-E0DC0013532B}.Release|x64.ActiveCfg = Release|Any CPU
		{535AE113-E834-4704-BAEF-E0DC0013532B}.Release|x64.Build.0 = Release|Any CPU
		{535AE113-E834-4704-BAEF-E0DC0013532B}.Release|x86.ActiveCfg = Release|Any CPU
		{535AE113-E834-4704-BAEF-E0DC0013532B}.Release|x86.Build.0 = Release|Any CPU
		{95800FB3-2457-4434-A882-B0F0F60BB491}.Debug|Any CPU.ActiveCfg = Debug|Any CPU
		{95800FB3-2457-4434-A882-B0F0F60BB491}.Debug|Any CPU.Build.0 = Debug|Any CPU
		{95800FB3-2457-4434-A882-B0F0F60BB491}.Debug|x64.ActiveCfg = Debug|Any CPU
		{95800FB3-2457-4434-A882-B0F0F60BB491}.Debug|x64.Build.0 = Debug|Any CPU
		{95800FB3-2457-4434-A882-B0F0F60BB491}.Debug|x86.ActiveCfg = Debug|Any CPU
		{95800FB3-2457-4434-A882-B0F0F60BB491}.Debug|x86.Build.0 = Debug|Any CPU
		{95800FB3-2457-4434-A882-B0F0F60BB491}.Release|Any CPU.ActiveCfg = Release|Any CPU
		{95800FB3-2457-4434-A882-B0F0F60BB491}.Release|Any CPU.Build.0 = Release|Any CPU
		{95800FB3-2457-4434-A882-B0F0F60BB491}.Release|x64.ActiveCfg = Release|Any CPU
		{95800FB3-2457-4434-A882-B0F0F60BB491}.Release|x64.Build.0 = Release|Any CPU
		{95800FB3-2457-4434-A882-B0F0F60BB491}.Release|x86.ActiveCfg = Release|Any CPU
		{95800FB3-2457-4434-A882-B0F0F60BB491}.Release|x86.Build.0 = Release|Any CPU
		{AB387B27-3A37-400F-8FBB-1F33762048E3}.Debug|Any CPU.ActiveCfg = Debug|Any CPU
		{AB387B27-3A37-400F-8FBB-1F33762048E3}.Debug|Any CPU.Build.0 = Debug|Any CPU
		{AB387B27-3A37-400F-8FBB-1F33762048E3}.Debug|x64.ActiveCfg = Debug|Any CPU
		{AB387B27-3A37-400F-8FBB-1F33762048E3}.Debug|x64.Build.0 = Debug|Any CPU
		{AB387B27-3A37-400F-8FBB-1F33762048E3}.Debug|x86.ActiveCfg = Debug|Any CPU
		{AB387B27-3A37-400F-8FBB-1F33762048E3}.Debug|x86.Build.0 = Debug|Any CPU
		{AB387B27-3A37-400F-8FBB-1F33762048E3}.Release|Any CPU.ActiveCfg = Release|Any CPU
		{AB387B27-3A37-400F-8FBB-1F33762048E3}.Release|Any CPU.Build.0 = Release|Any CPU
		{AB387B27-3A37-400F-8FBB-1F33762048E3}.Release|x64.ActiveCfg = Release|Any CPU
		{AB387B27-3A37-400F-8FBB-1F33762048E3}.Release|x64.Build.0 = Release|Any CPU
		{AB387B27-3A37-400F-8FBB-1F33762048E3}.Release|x86.ActiveCfg = Release|Any CPU
		{AB387B27-3A37-400F-8FBB-1F33762048E3}.Release|x86.Build.0 = Release|Any CPU
		{1693AAFD-06E4-457F-AFB1-5FF841892329}.Debug|Any CPU.ActiveCfg = Debug|Any CPU
		{1693AAFD-06E4-457F-AFB1-5FF841892329}.Debug|Any CPU.Build.0 = Debug|Any CPU
		{1693AAFD-06E4-457F-AFB1-5FF841892329}.Debug|x64.ActiveCfg = Debug|Any CPU
		{1693AAFD-06E4-457F-AFB1-5FF841892329}.Debug|x64.Build.0 = Debug|Any CPU
		{1693AAFD-06E4-457F-AFB1-5FF841892329}.Debug|x86.ActiveCfg = Debug|Any CPU
		{1693AAFD-06E4-457F-AFB1-5FF841892329}.Debug|x86.Build.0 = Debug|Any CPU
		{1693AAFD-06E4-457F-AFB1-5FF841892329}.Release|Any CPU.ActiveCfg = Release|Any CPU
		{1693AAFD-06E4-457F-AFB1-5FF841892329}.Release|Any CPU.Build.0 = Release|Any CPU
		{1693AAFD-06E4-457F-AFB1-5FF841892329}.Release|x64.ActiveCfg = Release|Any CPU
		{1693AAFD-06E4-457F-AFB1-5FF841892329}.Release|x64.Build.0 = Release|Any CPU
		{1693AAFD-06E4-457F-AFB1-5FF841892329}.Release|x86.ActiveCfg = Release|Any CPU
		{1693AAFD-06E4-457F-AFB1-5FF841892329}.Release|x86.Build.0 = Release|Any CPU
		{3B6E697A-BBE4-4191-B2C8-CFC7EC5816FA}.Debug|Any CPU.ActiveCfg = Debug|Any CPU
		{3B6E697A-BBE4-4191-B2C8-CFC7EC5816FA}.Debug|Any CPU.Build.0 = Debug|Any CPU
		{3B6E697A-BBE4-4191-B2C8-CFC7EC5816FA}.Debug|Any CPU.Deploy.0 = Debug|Any CPU
		{3B6E697A-BBE4-4191-B2C8-CFC7EC5816FA}.Debug|x64.ActiveCfg = Debug|Any CPU
		{3B6E697A-BBE4-4191-B2C8-CFC7EC5816FA}.Debug|x64.Build.0 = Debug|Any CPU
		{3B6E697A-BBE4-4191-B2C8-CFC7EC5816FA}.Debug|x64.Deploy.0 = Debug|Any CPU
		{3B6E697A-BBE4-4191-B2C8-CFC7EC5816FA}.Debug|x86.ActiveCfg = Debug|Any CPU
		{3B6E697A-BBE4-4191-B2C8-CFC7EC5816FA}.Debug|x86.Build.0 = Debug|Any CPU
		{3B6E697A-BBE4-4191-B2C8-CFC7EC5816FA}.Debug|x86.Deploy.0 = Debug|Any CPU
		{3B6E697A-BBE4-4191-B2C8-CFC7EC5816FA}.Release|Any CPU.ActiveCfg = Release|Any CPU
		{3B6E697A-BBE4-4191-B2C8-CFC7EC5816FA}.Release|Any CPU.Build.0 = Release|Any CPU
		{3B6E697A-BBE4-4191-B2C8-CFC7EC5816FA}.Release|Any CPU.Deploy.0 = Release|Any CPU
		{3B6E697A-BBE4-4191-B2C8-CFC7EC5816FA}.Release|x64.ActiveCfg = Release|Any CPU
		{3B6E697A-BBE4-4191-B2C8-CFC7EC5816FA}.Release|x64.Build.0 = Release|Any CPU
		{3B6E697A-BBE4-4191-B2C8-CFC7EC5816FA}.Release|x64.Deploy.0 = Release|Any CPU
		{3B6E697A-BBE4-4191-B2C8-CFC7EC5816FA}.Release|x86.ActiveCfg = Release|Any CPU
		{3B6E697A-BBE4-4191-B2C8-CFC7EC5816FA}.Release|x86.Build.0 = Release|Any CPU
		{3B6E697A-BBE4-4191-B2C8-CFC7EC5816FA}.Release|x86.Deploy.0 = Release|Any CPU
		{F1B5BD86-1F9B-4E25-A508-BDC1AB04E9E2}.Debug|Any CPU.ActiveCfg = Debug|Any CPU
		{F1B5BD86-1F9B-4E25-A508-BDC1AB04E9E2}.Debug|Any CPU.Build.0 = Debug|Any CPU
		{F1B5BD86-1F9B-4E25-A508-BDC1AB04E9E2}.Debug|x64.ActiveCfg = Debug|Any CPU
		{F1B5BD86-1F9B-4E25-A508-BDC1AB04E9E2}.Debug|x64.Build.0 = Debug|Any CPU
		{F1B5BD86-1F9B-4E25-A508-BDC1AB04E9E2}.Debug|x86.ActiveCfg = Debug|Any CPU
		{F1B5BD86-1F9B-4E25-A508-BDC1AB04E9E2}.Debug|x86.Build.0 = Debug|Any CPU
		{F1B5BD86-1F9B-4E25-A508-BDC1AB04E9E2}.Release|Any CPU.ActiveCfg = Release|Any CPU
		{F1B5BD86-1F9B-4E25-A508-BDC1AB04E9E2}.Release|Any CPU.Build.0 = Release|Any CPU
		{F1B5BD86-1F9B-4E25-A508-BDC1AB04E9E2}.Release|x64.ActiveCfg = Release|Any CPU
		{F1B5BD86-1F9B-4E25-A508-BDC1AB04E9E2}.Release|x64.Build.0 = Release|Any CPU
		{F1B5BD86-1F9B-4E25-A508-BDC1AB04E9E2}.Release|x86.ActiveCfg = Release|Any CPU
		{F1B5BD86-1F9B-4E25-A508-BDC1AB04E9E2}.Release|x86.Build.0 = Release|Any CPU
		{78869F42-D008-43E0-AE01-4A36E03A9B89}.Debug|Any CPU.ActiveCfg = Debug|Any CPU
		{78869F42-D008-43E0-AE01-4A36E03A9B89}.Debug|Any CPU.Build.0 = Debug|Any CPU
		{78869F42-D008-43E0-AE01-4A36E03A9B89}.Debug|x64.ActiveCfg = Debug|Any CPU
		{78869F42-D008-43E0-AE01-4A36E03A9B89}.Debug|x64.Build.0 = Debug|Any CPU
		{78869F42-D008-43E0-AE01-4A36E03A9B89}.Debug|x86.ActiveCfg = Debug|Any CPU
		{78869F42-D008-43E0-AE01-4A36E03A9B89}.Debug|x86.Build.0 = Debug|Any CPU
		{78869F42-D008-43E0-AE01-4A36E03A9B89}.Release|Any CPU.ActiveCfg = Release|Any CPU
		{78869F42-D008-43E0-AE01-4A36E03A9B89}.Release|Any CPU.Build.0 = Release|Any CPU
		{78869F42-D008-43E0-AE01-4A36E03A9B89}.Release|x64.ActiveCfg = Release|Any CPU
		{78869F42-D008-43E0-AE01-4A36E03A9B89}.Release|x64.Build.0 = Release|Any CPU
		{78869F42-D008-43E0-AE01-4A36E03A9B89}.Release|x86.ActiveCfg = Release|Any CPU
		{78869F42-D008-43E0-AE01-4A36E03A9B89}.Release|x86.Build.0 = Release|Any CPU
		{10FC3E95-1AD9-4757-BC47-3F040AEF5C4D}.Debug|Any CPU.ActiveCfg = Debug|Any CPU
		{10FC3E95-1AD9-4757-BC47-3F040AEF5C4D}.Debug|Any CPU.Build.0 = Debug|Any CPU
		{10FC3E95-1AD9-4757-BC47-3F040AEF5C4D}.Debug|x64.ActiveCfg = Debug|Any CPU
		{10FC3E95-1AD9-4757-BC47-3F040AEF5C4D}.Debug|x64.Build.0 = Debug|Any CPU
		{10FC3E95-1AD9-4757-BC47-3F040AEF5C4D}.Debug|x86.ActiveCfg = Debug|Any CPU
		{10FC3E95-1AD9-4757-BC47-3F040AEF5C4D}.Debug|x86.Build.0 = Debug|Any CPU
		{10FC3E95-1AD9-4757-BC47-3F040AEF5C4D}.Release|Any CPU.ActiveCfg = Release|Any CPU
		{10FC3E95-1AD9-4757-BC47-3F040AEF5C4D}.Release|Any CPU.Build.0 = Release|Any CPU
		{10FC3E95-1AD9-4757-BC47-3F040AEF5C4D}.Release|x64.ActiveCfg = Release|Any CPU
		{10FC3E95-1AD9-4757-BC47-3F040AEF5C4D}.Release|x64.Build.0 = Release|Any CPU
		{10FC3E95-1AD9-4757-BC47-3F040AEF5C4D}.Release|x86.ActiveCfg = Release|Any CPU
		{10FC3E95-1AD9-4757-BC47-3F040AEF5C4D}.Release|x86.Build.0 = Release|Any CPU
		{A91A79D7-55B1-4D85-B500-6B53D0C42886}.Debug|Any CPU.ActiveCfg = Debug|Any CPU
		{A91A79D7-55B1-4D85-B500-6B53D0C42886}.Debug|Any CPU.Build.0 = Debug|Any CPU
		{A91A79D7-55B1-4D85-B500-6B53D0C42886}.Debug|x64.ActiveCfg = Debug|Any CPU
		{A91A79D7-55B1-4D85-B500-6B53D0C42886}.Debug|x64.Build.0 = Debug|Any CPU
		{A91A79D7-55B1-4D85-B500-6B53D0C42886}.Debug|x86.ActiveCfg = Debug|Any CPU
		{A91A79D7-55B1-4D85-B500-6B53D0C42886}.Debug|x86.Build.0 = Debug|Any CPU
		{A91A79D7-55B1-4D85-B500-6B53D0C42886}.Release|Any CPU.ActiveCfg = Release|Any CPU
		{A91A79D7-55B1-4D85-B500-6B53D0C42886}.Release|Any CPU.Build.0 = Release|Any CPU
		{A91A79D7-55B1-4D85-B500-6B53D0C42886}.Release|x64.ActiveCfg = Release|Any CPU
		{A91A79D7-55B1-4D85-B500-6B53D0C42886}.Release|x64.Build.0 = Release|Any CPU
		{A91A79D7-55B1-4D85-B500-6B53D0C42886}.Release|x86.ActiveCfg = Release|Any CPU
		{A91A79D7-55B1-4D85-B500-6B53D0C42886}.Release|x86.Build.0 = Release|Any CPU
		{43122D51-1672-4076-9FA5-963B11525C9E}.Debug|Any CPU.ActiveCfg = Debug|x64
		{43122D51-1672-4076-9FA5-963B11525C9E}.Debug|Any CPU.Build.0 = Debug|x64
		{43122D51-1672-4076-9FA5-963B11525C9E}.Debug|x64.ActiveCfg = Debug|x64
		{43122D51-1672-4076-9FA5-963B11525C9E}.Debug|x64.Build.0 = Debug|x64
		{43122D51-1672-4076-9FA5-963B11525C9E}.Debug|x86.ActiveCfg = Debug|Win32
		{43122D51-1672-4076-9FA5-963B11525C9E}.Debug|x86.Build.0 = Debug|Win32
		{43122D51-1672-4076-9FA5-963B11525C9E}.Release|Any CPU.ActiveCfg = Release|x64
		{43122D51-1672-4076-9FA5-963B11525C9E}.Release|Any CPU.Build.0 = Release|x64
		{43122D51-1672-4076-9FA5-963B11525C9E}.Release|x64.ActiveCfg = Release|x64
		{43122D51-1672-4076-9FA5-963B11525C9E}.Release|x64.Build.0 = Release|x64
		{43122D51-1672-4076-9FA5-963B11525C9E}.Release|x86.ActiveCfg = Release|Win32
		{43122D51-1672-4076-9FA5-963B11525C9E}.Release|x86.Build.0 = Release|Win32
		{B9132174-6137-4A99-84E1-DBBD3779CCE5}.Debug|Any CPU.ActiveCfg = Debug|Any CPU
		{B9132174-6137-4A99-84E1-DBBD3779CCE5}.Debug|Any CPU.Build.0 = Debug|Any CPU
		{B9132174-6137-4A99-84E1-DBBD3779CCE5}.Debug|x64.ActiveCfg = Debug|Any CPU
		{B9132174-6137-4A99-84E1-DBBD3779CCE5}.Debug|x64.Build.0 = Debug|Any CPU
		{B9132174-6137-4A99-84E1-DBBD3779CCE5}.Debug|x86.ActiveCfg = Debug|Any CPU
		{B9132174-6137-4A99-84E1-DBBD3779CCE5}.Debug|x86.Build.0 = Debug|Any CPU
		{B9132174-6137-4A99-84E1-DBBD3779CCE5}.Release|Any CPU.ActiveCfg = Release|Any CPU
		{B9132174-6137-4A99-84E1-DBBD3779CCE5}.Release|Any CPU.Build.0 = Release|Any CPU
		{B9132174-6137-4A99-84E1-DBBD3779CCE5}.Release|x64.ActiveCfg = Release|Any CPU
		{B9132174-6137-4A99-84E1-DBBD3779CCE5}.Release|x64.Build.0 = Release|Any CPU
		{B9132174-6137-4A99-84E1-DBBD3779CCE5}.Release|x86.ActiveCfg = Release|Any CPU
		{B9132174-6137-4A99-84E1-DBBD3779CCE5}.Release|x86.Build.0 = Release|Any CPU
	EndGlobalSection
	GlobalSection(SolutionProperties) = preSolution
		HideSolutionNode = FALSE
	EndGlobalSection
	GlobalSection(NestedProjects) = preSolution
		{4359A992-AA5D-401A-A6E9-E3A0D479485E} = {291F2E1A-D783-4A45-955B-6C39A801C658}
		{AB387B27-3A37-400F-8FBB-1F33762048E3} = {291F2E1A-D783-4A45-955B-6C39A801C658}
		{1693AAFD-06E4-457F-AFB1-5FF841892329} = {291F2E1A-D783-4A45-955B-6C39A801C658}
		{78869F42-D008-43E0-AE01-4A36E03A9B89} = {291F2E1A-D783-4A45-955B-6C39A801C658}
		{A91A79D7-55B1-4D85-B500-6B53D0C42886} = {291F2E1A-D783-4A45-955B-6C39A801C658}
		{B9132174-6137-4A99-84E1-DBBD3779CCE5} = {291F2E1A-D783-4A45-955B-6C39A801C658}
	EndGlobalSection
	GlobalSection(ExtensibilityGlobals) = postSolution
		SolutionGuid = {8123A31C-36EE-481E-9ED7-0EB9D36F17CD}
	EndGlobalSection
EndGlobal
